# THIS IS AN AUTOGENERATED FILE. DO NOT EDIT THIS FILE DIRECTLY.
# yarn lockfile v1


"@salesforce-ux/design-system@^2.18.1":
  version "2.18.1"
  resolved "https://registry.yarnpkg.com/@salesforce-ux/design-system/-/design-system-2.18.1.tgz#568a5d1d528c92fca0e1226af2c3ddbdaf04218f"
  integrity sha512-yrnzHkafWRPDSAwyXrLjehbJIkLNTXJ61sOjorHQiExTopwcY+K6as3aFjHGpKzPS8OPXCzz9pQ8a34urcBmQg==

"@steedos-labs/contract-ee@2.2.1-beta.18":
  version "2.2.1-beta.18"
  resolved "https://registry.yarnpkg.com/@steedos-labs/contract-ee/-/contract-ee-2.2.1-beta.18.tgz#aaf22b814fe93d4a61e804d5bbbaef84c2764fd0"
  integrity sha512-EPE+MDT+loEBgvERTgmUo8vfjtX3YogGM3P07oU+vfvP72EXsebd9mqsLPE4OTIY42Y/oL6Wl7CZqJb3MAibWA==
  dependencies:
    "@steedos-labs/contract" "2.2.1-beta.18"

"@steedos-labs/contract@2.2.1-beta.18":
  version "2.2.1-beta.18"
  resolved "https://registry.yarnpkg.com/@steedos-labs/contract/-/contract-2.2.1-beta.18.tgz#12d122a977ee73ef6650df0f09e1dda1b243a1f3"
  integrity sha512-TJ3HzSuAF8SHaVkqAHw+MGL8cV+S/tM4jF6OjhYSlL5irxajO0YXRWRjOSU8VSCPX2O/dT/StX6mxAanx9Y73Q==
  dependencies:
    "@steedos-labs/master" "2.2.1-beta.18"

"@steedos-labs/finance-ee@2.2.1-beta.18":
  version "2.2.1-beta.18"
  resolved "https://registry.yarnpkg.com/@steedos-labs/finance-ee/-/finance-ee-2.2.1-beta.18.tgz#ab2ab66237c877fc8b8130f9b78ec3fce1a01bc1"
  integrity sha512-WBGCZjNA8de6b/AVMeGYegfZv0W+l8FkrjNyvFsyGFtPcEHufpqYj9Tyb3qHvScX+CZL7rGkB4uC4+pDpH309w==
  dependencies:
    "@steedos-labs/master" "2.2.1-beta.18"

"@steedos-labs/finance@2.2.1-beta.18":
  version "2.2.1-beta.18"
  resolved "https://registry.yarnpkg.com/@steedos-labs/finance/-/finance-2.2.1-beta.18.tgz#d1efec0cf1c7c16a9be3833fd7325266327c5e67"
  integrity sha512-kD6iqh0f3y0I+ogYKb9LGKt8GcXgdt3nRmexTa2wf9YruBp6pvhj/ytOIM/hIjPBHPKALP/uh21SmKpHhHF0GQ==
  dependencies:
    "@steedos-labs/master" "2.2.1-beta.18"

"@steedos-labs/master@2.2.1-beta.18":
  version "2.2.1-beta.18"
  resolved "https://registry.yarnpkg.com/@steedos-labs/master/-/master-2.2.1-beta.18.tgz#986ecea4c9c2464d530c4975aa69c98a22749db2"
  integrity sha512-l+A2NQ8wir0XysJ+39uGWFpOT+VosvoDUNhMK3YriD/V0zzpq7v8uMiVVGdBmEwE1L3OH4FZPWRgqovN7n8HHg==

"@steedos-labs/oa@2.2.1-beta.18":
  version "2.2.1-beta.18"
  resolved "https://registry.yarnpkg.com/@steedos-labs/oa/-/oa-2.2.1-beta.18.tgz#cf6063b99a0e245e703d5e3018bcc9f5578862b8"
  integrity sha512-m6qEZpAHS6tAArlHryf9gXBGDEjUyTqE7/Rz3ZnUEym+qmw0j/hyTlTpOimN2rgZnnO24K4G9EbkhtLM/8/L5w==

"@steedos-labs/project-ee@2.2.1-beta.18":
  version "2.2.1-beta.18"
  resolved "https://registry.yarnpkg.com/@steedos-labs/project-ee/-/project-ee-2.2.1-beta.18.tgz#892dfccbf3ccc690587a31190f5d542a591ea424"
  integrity sha512-mgtQ+X/qKaMDCHDKFnPmNCQUrT4IHwDQT5hQXxUUwq3tl67PzW91QNcmvGpOGKToHZPN65kVQardQAqI5U309Q==
  dependencies:
    "@steedos-labs/master" "2.2.1-beta.18"

"@steedos-labs/project@2.2.1-beta.18":
  version "2.2.1-beta.18"
  resolved "https://registry.yarnpkg.com/@steedos-labs/project/-/project-2.2.1-beta.18.tgz#4b31a244ce999b2c8193728d84aed964dfdb7ac2"
  integrity sha512-vkPqakd1ilotZykZ8WTc8syJoWyYidGRUmiuNqlUtPbuRH0qQFnSGaTWm1mmpgfESlX1tpXWfotofCLm5JC0Ng==
  dependencies:
    "@steedos-labs/master" "2.2.1-beta.18"

"@steedos-labs/workflow@2.2.1-beta.18":
  version "2.2.1-beta.18"
  resolved "https://registry.yarnpkg.com/@steedos-labs/workflow/-/workflow-2.2.1-beta.18.tgz#7cd9a8a21e62c68d4ce847494eb08852d8f91f8a"
  integrity sha512-J8k8Ya5450cZQtgnn15lP2EUqwh+Iks0K9XS8wxN9ln0ZCcNIPZ+Fhymo+hU26m+YVfUjr8QvS6lRJ11GuwH8w==

"@steedos-ui/amis@^2.2.28":
  version "2.2.42"
  resolved "https://registry.yarnpkg.com/@steedos-ui/amis/-/amis-2.2.42.tgz#a0ba0b2f83fd7aa7edbf0ceabf4c15ba9f5c5cc7"
  integrity sha512-rKOHGoWsJKFsGnACYU+Wcun7vv81yKeuP7ZGOtrmEyXEuCQtGHNg0+QV7cUddvPBFbDttQBDMEwH7i80vZhm8Q==
  dependencies:
    "@types/path-to-regexp" "^1.7.0"
    path-to-regexp "^6.2.1"

"@types/path-to-regexp@^1.7.0":
  version "1.7.0"
  resolved "https://registry.yarnpkg.com/@types/path-to-regexp/-/path-to-regexp-1.7.0.tgz#f1af9d9c9db5f8ad80aa75ed424db665c48d6cd4"
  integrity sha512-ruXmJ/6LwB5L3mxUG2z3Ovi85vH9IVubXq+S9RArvMbjhbCnSLpXs0LrHQg3f0y2tKvXhWUNv7iQDySDfHSTDw==
  dependencies:
    path-to-regexp "*"

path-to-regexp@*, path-to-regexp@^6.2.1:
  version "6.2.1"
  resolved "https://registry.yarnpkg.com/path-to-regexp/-/path-to-regexp-6.2.1.tgz#d54934d6798eb9e5ef14e7af7962c945906918e5"
  integrity sha512-JLyh7xT1kizaEvcaXOQwOc2/Yhw6KZOvPf1S8401UyLk86CU79LN3vl7ztXGm/pZ+YjoyAJ4rxmHwbkBXJX+yw==
